Microsoft Visual Studio Solution File, Format Version 8.00
Project("{FAE04EC0-301F-11D3-BF4B-00C04F79EFBC}") = "Class_Diagram___Hospital", "Class_Diagram___Hospital.csproj", "{364CA291-5399-4C38-A4A8-873F15EA5B4B}"
EndProject
Global
	GlobalSection(SolutionConfiguration) = preSolution
		ConfigName.0 = Debug
		ConfigName.1 = Release
	EndGlobalSection
	GlobalSection(ProjectDependencies) = postSolution
	EndGlobalSection
	GlobalSection(ProjectConfiguration) = postSolution
		{364CA291-5399-4C38-A4A8-873F15EA5B4B}.Debug.ActiveCfg = Debug|.NET
		{364CA291-5399-4C38-A4A8-873F15EA5B4B}.Debug.Build.0 = Debug|.NET
		{364CA291-5399-4C38-A4A8-873F15EA5B4B}.Release.ActiveCfg = Release|.NET
		{364CA291-5399-4C38-A4A8-873F15EA5B4B}.Release.Build.0 = Release|.NET
	EndGlobalSection
	GlobalSection(ExtensibilityGlobals) = postSolution
	EndGlobalSection
	GlobalSection(ExtensibilityAddIns) = postSolution
	EndGlobalSection
EndGlobal